{
    "_meta": {
        "hash": {
            "sha256": "05637eac93d467efd7d7f5ab83824a4ae57ac8d8b3913c2cf8ee2611623451da"
        },
        "pipfile-spec": 6,
        "requires": {
            "python_version": "3.12"
        },
        "sources": [
            {
                "name": "pypi",
                "url": "https://pypi.org/simple",
                "verify_ssl": true
            }
        ]
    },
    "default": {},
    "develop": {}
}
